
Microsoft Visual Studio Solution File, Format Version 12.00
# Visual Studio Version 17
VisualStudioVersion = 17.7.34031.279
MinimumVisualStudioVersion = 10.0.40219.1
Project("{9A19103F-16F7-4668-BE54-9A1E7A4F7556}") = "BookRecommenderSystem", "BookRecommenderSystem\BookRecommenderSystem.csproj", "{50AF59EF-9CBF-4B74-B2ED-68CE1C7145A9}"
EndProject
Project("{9A19103F-16F7-4668-BE54-9A1E7A4F7556}") = "RecommendationMLDataService", "DataTrainer\RecommendationMLDataService.csproj", "{B88A9A39-A4B6-44E2-8EA4-0784CB4D1A11}"
EndProject
Project("{FAE04EC0-301F-11D3-BF4B-00C04F79EFBC}") = "BookRecommenderSystem.DBConsolidation", "BookRecommenderSystem.DBConsolidation\BookRecommenderSystem.DBConsolidation.csproj", "{6080032B-DDC8-46AB-B5D7-EC0A5B5ECA1E}"
EndProject
Global
	GlobalSection(SolutionConfigurationPlatforms) = preSolution
		Debug|Any CPU = Debug|Any CPU
		Release|Any CPU = Release|Any CPU
	EndGlobalSection
	GlobalSection(ProjectConfigurationPlatforms) = postSolution
		{50AF59EF-9CBF-4B74-B2ED-68CE1C7145A9}.Debug|Any CPU.ActiveCfg = Debug|Any CPU
		{50AF59EF-9CBF-4B74-B2ED-68CE1C7145A9}.Debug|Any CPU.Build.0 = Debug|Any CPU
		{50AF59EF-9CBF-4B74-B2ED-68CE1C7145A9}.Release|Any CPU.ActiveCfg = Release|Any CPU
		{50AF59EF-9CBF-4B74-B2ED-68CE1C7145A9}.Release|Any CPU.Build.0 = Release|Any CPU
		{B88A9A39-A4B6-44E2-8EA4-0784CB4D1A11}.Debug|Any CPU.ActiveCfg = Debug|Any CPU
		{B88A9A39-A4B6-44E2-8EA4-0784CB4D1A11}.Debug|Any CPU.Build.0 = Debug|Any CPU
		{B88A9A39-A4B6-44E2-8EA4-0784CB4D1A11}.Release|Any CPU.ActiveCfg = Release|Any CPU
		{B88A9A39-A4B6-44E2-8EA4-0784CB4D1A11}.Release|Any CPU.Build.0 = Release|Any CPU
		{6080032B-DDC8-46AB-B5D7-EC0A5B5ECA1E}.Debug|Any CPU.ActiveCfg = Debug|Any CPU
		{6080032B-DDC8-46AB-B5D7-EC0A5B5ECA1E}.Debug|Any CPU.Build.0 = Debug|Any CPU
		{6080032B-DDC8-46AB-B5D7-EC0A5B5ECA1E}.Release|Any CPU.ActiveCfg = Release|Any CPU
		{6080032B-DDC8-46AB-B5D7-EC0A5B5ECA1E}.Release|Any CPU.Build.0 = Release|Any CPU
	EndGlobalSection
	GlobalSection(SolutionProperties) = preSolution
		HideSolutionNode = FALSE
	EndGlobalSection
	GlobalSection(ExtensibilityGlobals) = postSolution
		SolutionGuid = {D2C7B22F-7DB7-4363-921A-F00058BE9229}
	EndGlobalSection
EndGlobal
